
Microsoft Visual Studio Solution File, Format Version 12.00
# Visual Studio 14
VisualStudioVersion = 14.0.25420.1
MinimumVisualStudioVersion = 10.0.40219.1
Project("{FAE04EC0-301F-11D3-BF4B-00C04F79EFBC}") = "MyMvc9pmBatch", "MyMvc9pmBatch\MyMvc9pmBatch.csproj", "{54360369-063B-4AB4-964C-53669437F208}"
EndProject
Project("{FAE04EC0-301F-11D3-BF4B-00C04F79EFBC}") = "MVCPart2", "MVCPart2\MVCPart2.csproj", "{924D3AEA-9886-4951-9564-879460690A88}"
EndProject
Project("{FAE04EC0-301F-11D3-BF4B-00C04F79EFBC}") = "AdoNetExample", "AdoNetExample\AdoNetExample.csproj", "{AAD56EE1-9FD7-47A0-9A41-409ADBDDAAE6}"
EndProject
Project("{FAE04EC0-301F-11D3-BF4B-00C04F79EFBC}") = "DataBaseFirstApproach", "DataBaseFirstApproach\DataBaseFirstApproach.csproj", "{7AB8098A-0FB4-4C0F-A78C-FE7207C57C4D}"
EndProject
Project("{FAE04EC0-301F-11D3-BF4B-00C04F79EFBC}") = "DataBaseApproach2", "DataBaseApproach2\DataBaseApproach2.csproj", "{EDF07C88-735C-46A2-8198-72D4AA1994DC}"
EndProject
Project("{FAE04EC0-301F-11D3-BF4B-00C04F79EFBC}") = "CodeFirstApproach", "CodeFirstApproach\CodeFirstApproach.csproj", "{153709DD-CE1B-4737-8EB7-7BAB5B42596A}"
EndProject
Project("{FAE04EC0-301F-11D3-BF4B-00C04F79EFBC}") = "DapperExample", "DapperExample\DapperExample.csproj", "{8A31D58E-E922-466F-BA95-1E4966F05E58}"
EndProject
Project("{FAE04EC0-301F-11D3-BF4B-00C04F79EFBC}") = "ModelFirstApproachExample", "ModelFirstApproachExample\ModelFirstApproachExample.csproj", "{C738D875-0FC6-4B49-817D-EB11C3A2DFB0}"
EndProject
Global
	GlobalSection(SolutionConfigurationPlatforms) = preSolution
		Debug|Any CPU = Debug|Any CPU
		Release|Any CPU = Release|Any CPU
	EndGlobalSection
	GlobalSection(ProjectConfigurationPlatforms) = postSolution
		{54360369-063B-4AB4-964C-53669437F208}.Debug|Any CPU.ActiveCfg = Debug|Any CPU
		{54360369-063B-4AB4-964C-53669437F208}.Debug|Any CPU.Build.0 = Debug|Any CPU
		{54360369-063B-4AB4-964C-53669437F208}.Release|Any CPU.ActiveCfg = Release|Any CPU
		{54360369-063B-4AB4-964C-53669437F208}.Release|Any CPU.Build.0 = Release|Any CPU
		{924D3AEA-9886-4951-9564-879460690A88}.Debug|Any CPU.ActiveCfg = Debug|Any CPU
		{924D3AEA-9886-4951-9564-879460690A88}.Debug|Any CPU.Build.0 = Debug|Any CPU
		{924D3AEA-9886-4951-9564-879460690A88}.Release|Any CPU.ActiveCfg = Release|Any CPU
		{924D3AEA-9886-4951-9564-879460690A88}.Release|Any CPU.Build.0 = Release|Any CPU
		{AAD56EE1-9FD7-47A0-9A41-409ADBDDAAE6}.Debug|Any CPU.ActiveCfg = Debug|Any CPU
		{AAD56EE1-9FD7-47A0-9A41-409ADBDDAAE6}.Debug|Any CPU.Build.0 = Debug|Any CPU
		{AAD56EE1-9FD7-47A0-9A41-409ADBDDAAE6}.Release|Any CPU.ActiveCfg = Release|Any CPU
		{AAD56EE1-9FD7-47A0-9A41-409ADBDDAAE6}.Release|Any CPU.Build.0 = Release|Any CPU
		{7AB8098A-0FB4-4C0F-A78C-FE7207C57C4D}.Debug|Any CPU.ActiveCfg = Debug|Any CPU
		{7AB8098A-0FB4-4C0F-A78C-FE7207C57C4D}.Debug|Any CPU.Build.0 = Debug|Any CPU
		{7AB8098A-0FB4-4C0F-A78C-FE7207C57C4D}.Release|Any CPU.ActiveCfg = Release|Any CPU
		{7AB8098A-0FB4-4C0F-A78C-FE7207C57C4D}.Release|Any CPU.Build.0 = Release|Any CPU
		{EDF07C88-735C-46A2-8198-72D4AA1994DC}.Debug|Any CPU.ActiveCfg = Debug|Any CPU
		{EDF07C88-735C-46A2-8198-72D4AA1994DC}.Debug|Any CPU.Build.0 = Debug|Any CPU
		{EDF07C88-735C-46A2-8198-72D4AA1994DC}.Release|Any CPU.ActiveCfg = Release|Any CPU
		{EDF07C88-735C-46A2-8198-72D4AA1994DC}.Release|Any CPU.Build.0 = Release|Any CPU
		{153709DD-CE1B-4737-8EB7-7BAB5B42596A}.Debug|Any CPU.ActiveCfg = Debug|Any CPU
		{153709DD-CE1B-4737-8EB7-7BAB5B42596A}.Debug|Any CPU.Build.0 = Debug|Any CPU
		{153709DD-CE1B-4737-8EB7-7BAB5B42596A}.Release|Any CPU.ActiveCfg = Release|Any CPU
		{153709DD-CE1B-4737-8EB7-7BAB5B42596A}.Release|Any CPU.Build.0 = Release|Any CPU
		{8A31D58E-E922-466F-BA95-1E4966F05E58}.Debug|Any CPU.ActiveCfg = Debug|Any CPU
		{8A31D58E-E922-466F-BA95-1E4966F05E58}.Debug|Any CPU.Build.0 = Debug|Any CPU
		{8A31D58E-E922-466F-BA95-1E4966F05E58}.Release|Any CPU.ActiveCfg = Release|Any CPU
		{8A31D58E-E922-466F-BA95-1E4966F05E58}.Release|Any CPU.Build.0 = Release|Any CPU
		{C738D875-0FC6-4B49-817D-EB11C3A2DFB0}.Debug|Any CPU.ActiveCfg = Debug|Any CPU
		{C738D875-0FC6-4B49-817D-EB11C3A2DFB0}.Debug|Any CPU.Build.0 = Debug|Any CPU
		{C738D875-0FC6-4B49-817D-EB11C3A2DFB0}.Release|Any CPU.ActiveCfg = Release|Any CPU
		{C738D875-0FC6-4B49-817D-EB11C3A2DFB0}.Release|Any CPU.Build.0 = Release|Any CPU
	EndGlobalSection
	GlobalSection(SolutionProperties) = preSolution
		HideSolutionNode = FALSE
	EndGlobalSection
EndGlobal
